{
  "name": "sat-topic-test",
  "lockfileVersion": 3,
  "requires": true,
  "packages": {
    "": {
      "dependencies": {
        "country-telephone-data": "^0.6.3",
        "nodemailer": "^6.9.0"
      }
    },
    "node_modules/country-telephone-data": {
      "version": "0.6.3",
      "resolved": "https://registry.npmjs.org/country-telephone-data/-/country-telephone-data-0.6.3.tgz",
      "integrity": "sha512-3tQLA0vec+NDVlcaHhXGqILq/oQRsv4fRi4EedCfJqUuJUjQGdcSPM8r2IJIT2kZ5yWbiOCkXMgy7YTo8FNS2w==",
      "license": "MIT"
    },
    "node_modules/nodemailer": {
      "version": "6.10.1",
      "resolved": "https://registry.npmjs.org/nodemailer/-/nodemailer-6.10.1.tgz",
      "integrity": "sha512-Z+iLaBGVaSjbIzQ4pX6XV41HrooLsQ10ZWPUehGmuantvzWoDVBnmsdUcOIDM1t+yPor5pDhVlDESgOMEGxhHA==",
      "license": "MIT-0",
      "engines": {
        "node": ">=6.0.0"
      }
    }
  }
}
